
Microsoft Visual Studio Solution File, Format Version 12.00
# Visual Studio Version 16
VisualStudioVersion = 16.0.31624.102
MinimumVisualStudioVersion = 10.0.40219.1
Project("{FAE04EC0-301F-11D3-BF4B-00C04F79EFBC}") = "OldBooks", "OldBooks\OldBooks.csproj", "{906269F8-CA27-4C3D-AA04-FB9B6C156551}"
EndProject
Project("{FAE04EC0-301F-11D3-BF4B-00C04F79EFBC}") = "ExamPreparation", "ExamPreparation\ExamPreparation.csproj", "{460B7262-8EBB-4B13-93E0-499B1F224002}"
EndProject
Project("{FAE04EC0-301F-11D3-BF4B-00C04F79EFBC}") = "Vacation", "Vacation\Vacation.csproj", "{6E3FEA29-C28D-4ABF-9437-6720D76A46F5}"
EndProject
Project("{FAE04EC0-301F-11D3-BF4B-00C04F79EFBC}") = "VacationAlternative", "VacationAlternative\VacationAlternative.csproj", "{172DE91E-246B-4005-A68D-FF369D0CF99E}"
EndProject
Project("{FAE04EC0-301F-11D3-BF4B-00C04F79EFBC}") = "Walking", "Walking\Walking.csproj", "{0C375037-F44C-409C-B3D9-98A0A67640FB}"
EndProject
Project("{FAE04EC0-301F-11D3-BF4B-00C04F79EFBC}") = "Coins", "Coins\Coins.csproj", "{02E8233B-6BEF-4F7E-813B-5A5C77499614}"
EndProject
Project("{FAE04EC0-301F-11D3-BF4B-00C04F79EFBC}") = "CoinsAlternative", "CoinsAlternative\CoinsAlternative.csproj", "{8CF67E2B-38CD-4BBC-9860-0A445142DDE8}"
EndProject
Project("{FAE04EC0-301F-11D3-BF4B-00C04F79EFBC}") = "Cake", "Cake\Cake.csproj", "{68D2E448-12F2-4CB5-B8C1-324B506B627C}"
EndProject
Project("{FAE04EC0-301F-11D3-BF4B-00C04F79EFBC}") = "Moving", "Moving\Moving.csproj", "{59FE6927-B47F-4BB0-B8D6-5B9DDE7B1E12}"
EndProject
Global
	GlobalSection(SolutionConfigurationPlatforms) = preSolution
		Debug|Any CPU = Debug|Any CPU
		Release|Any CPU = Release|Any CPU
	EndGlobalSection
	GlobalSection(ProjectConfigurationPlatforms) = postSolution
		{906269F8-CA27-4C3D-AA04-FB9B6C156551}.Debug|Any CPU.ActiveCfg = Debug|Any CPU
		{906269F8-CA27-4C3D-AA04-FB9B6C156551}.Debug|Any CPU.Build.0 = Debug|Any CPU
		{906269F8-CA27-4C3D-AA04-FB9B6C156551}.Release|Any CPU.ActiveCfg = Release|Any CPU
		{906269F8-CA27-4C3D-AA04-FB9B6C156551}.Release|Any CPU.Build.0 = Release|Any CPU
		{460B7262-8EBB-4B13-93E0-499B1F224002}.Debug|Any CPU.ActiveCfg = Debug|Any CPU
		{460B7262-8EBB-4B13-93E0-499B1F224002}.Debug|Any CPU.Build.0 = Debug|Any CPU
		{460B7262-8EBB-4B13-93E0-499B1F224002}.Release|Any CPU.ActiveCfg = Release|Any CPU
		{460B7262-8EBB-4B13-93E0-499B1F224002}.Release|Any CPU.Build.0 = Release|Any CPU
		{6E3FEA29-C28D-4ABF-9437-6720D76A46F5}.Debug|Any CPU.ActiveCfg = Debug|Any CPU
		{6E3FEA29-C28D-4ABF-9437-6720D76A46F5}.Debug|Any CPU.Build.0 = Debug|Any CPU
		{6E3FEA29-C28D-4ABF-9437-6720D76A46F5}.Release|Any CPU.ActiveCfg = Release|Any CPU
		{6E3FEA29-C28D-4ABF-9437-6720D76A46F5}.Release|Any CPU.Build.0 = Release|Any CPU
		{172DE91E-246B-4005-A68D-FF369D0CF99E}.Debug|Any CPU.ActiveCfg = Debug|Any CPU
		{172DE91E-246B-4005-A68D-FF369D0CF99E}.Debug|Any CPU.Build.0 = Debug|Any CPU
		{172DE91E-246B-4005-A68D-FF369D0CF99E}.Release|Any CPU.ActiveCfg = Release|Any CPU
		{172DE91E-246B-4005-A68D-FF369D0CF99E}.Release|Any CPU.Build.0 = Release|Any CPU
		{0C375037-F44C-409C-B3D9-98A0A67640FB}.Debug|Any CPU.ActiveCfg = Debug|Any CPU
		{0C375037-F44C-409C-B3D9-98A0A67640FB}.Debug|Any CPU.Build.0 = Debug|Any CPU
		{0C375037-F44C-409C-B3D9-98A0A67640FB}.Release|Any CPU.ActiveCfg = Release|Any CPU
		{0C375037-F44C-409C-B3D9-98A0A67640FB}.Release|Any CPU.Build.0 = Release|Any CPU
		{02E8233B-6BEF-4F7E-813B-5A5C77499614}.Debug|Any CPU.ActiveCfg = Debug|Any CPU
		{02E8233B-6BEF-4F7E-813B-5A5C77499614}.Debug|Any CPU.Build.0 = Debug|Any CPU
		{02E8233B-6BEF-4F7E-813B-5A5C77499614}.Release|Any CPU.ActiveCfg = Release|Any CPU
		{02E8233B-6BEF-4F7E-813B-5A5C77499614}.Release|Any CPU.Build.0 = Release|Any CPU
		{8CF67E2B-38CD-4BBC-9860-0A445142DDE8}.Debug|Any CPU.ActiveCfg = Debug|Any CPU
		{8CF67E2B-38CD-4BBC-9860-0A445142DDE8}.Debug|Any CPU.Build.0 = Debug|Any CPU
		{8CF67E2B-38CD-4BBC-9860-0A445142DDE8}.Release|Any CPU.ActiveCfg = Release|Any CPU
		{8CF67E2B-38CD-4BBC-9860-0A445142DDE8}.Release|Any CPU.Build.0 = Release|Any CPU
		{68D2E448-12F2-4CB5-B8C1-324B506B627C}.Debug|Any CPU.ActiveCfg = Debug|Any CPU
		{68D2E448-12F2-4CB5-B8C1-324B506B627C}.Debug|Any CPU.Build.0 = Debug|Any CPU
		{68D2E448-12F2-4CB5-B8C1-324B506B627C}.Release|Any CPU.ActiveCfg = Release|Any CPU
		{68D2E448-12F2-4CB5-B8C1-324B506B627C}.Release|Any CPU.Build.0 = Release|Any CPU
		{59FE6927-B47F-4BB0-B8D6-5B9DDE7B1E12}.Debug|Any CPU.ActiveCfg = Debug|Any CPU
		{59FE6927-B47F-4BB0-B8D6-5B9DDE7B1E12}.Debug|Any CPU.Build.0 = Debug|Any CPU
		{59FE6927-B47F-4BB0-B8D6-5B9DDE7B1E12}.Release|Any CPU.ActiveCfg = Release|Any CPU
		{59FE6927-B47F-4BB0-B8D6-5B9DDE7B1E12}.Release|Any CPU.Build.0 = Release|Any CPU
	EndGlobalSection
	GlobalSection(SolutionProperties) = preSolution
		HideSolutionNode = FALSE
	EndGlobalSection
	GlobalSection(ExtensibilityGlobals) = postSolution
		SolutionGuid = {4ADEF791-44F9-4EF2-98C0-B9180A012885}
	EndGlobalSection
EndGlobal
