
Microsoft Visual Studio Solution File, Format Version 12.00
# Visual Studio Version 16
VisualStudioVersion = 16.0.31624.102
MinimumVisualStudioVersion = 10.0.40219.1
Project("{FAE04EC0-301F-11D3-BF4B-00C04F79EFBC}") = "Clock", "Clock\Clock.csproj", "{CE2CFB54-9CFC-47A9-B340-3EF946DC8053}"
EndProject
Project("{FAE04EC0-301F-11D3-BF4B-00C04F79EFBC}") = "ClockAlternative", "ClockAlternative\ClockAlternative.csproj", "{707F9379-AD76-48CA-A673-D01079DB9FA8}"
EndProject
Project("{FAE04EC0-301F-11D3-BF4B-00C04F79EFBC}") = "MultiplicationTable", "MultiplicationTable\MultiplicationTable.csproj", "{80A8CE0F-2B3A-4D8F-B08A-59562E078F78}"
EndProject
Project("{FAE04EC0-301F-11D3-BF4B-00C04F79EFBC}") = "Combinations", "Combinations\Combinations.csproj", "{A7742B4D-6CED-4A65-800E-9F91309CF30F}"
EndProject
Project("{FAE04EC0-301F-11D3-BF4B-00C04F79EFBC}") = "ClockBreakingTheLoop", "ClockBreakingTheLoop\ClockBreakingTheLoop.csproj", "{6DDF9150-040F-427E-9252-2B720034B3E2}"
EndProject
Project("{FAE04EC0-301F-11D3-BF4B-00C04F79EFBC}") = "SumOfTwoNumbers", "SumOfTwoNumbers\SumOfTwoNumbers.csproj", "{927156C5-833E-488B-B4C0-E1DB0ABD513A}"
EndProject
Project("{FAE04EC0-301F-11D3-BF4B-00C04F79EFBC}") = "Travelling", "Travelling\Travelling.csproj", "{C851E70F-F6BE-4548-A8AA-1165BE80FB2E}"
EndProject
Project("{FAE04EC0-301F-11D3-BF4B-00C04F79EFBC}") = "Building", "Building\Building.csproj", "{487A0B83-A64B-4372-AFA8-028E744C6567}"
EndProject
Global
	GlobalSection(SolutionConfigurationPlatforms) = preSolution
		Debug|Any CPU = Debug|Any CPU
		Release|Any CPU = Release|Any CPU
	EndGlobalSection
	GlobalSection(ProjectConfigurationPlatforms) = postSolution
		{CE2CFB54-9CFC-47A9-B340-3EF946DC8053}.Debug|Any CPU.ActiveCfg = Debug|Any CPU
		{CE2CFB54-9CFC-47A9-B340-3EF946DC8053}.Debug|Any CPU.Build.0 = Debug|Any CPU
		{CE2CFB54-9CFC-47A9-B340-3EF946DC8053}.Release|Any CPU.ActiveCfg = Release|Any CPU
		{CE2CFB54-9CFC-47A9-B340-3EF946DC8053}.Release|Any CPU.Build.0 = Release|Any CPU
		{707F9379-AD76-48CA-A673-D01079DB9FA8}.Debug|Any CPU.ActiveCfg = Debug|Any CPU
		{707F9379-AD76-48CA-A673-D01079DB9FA8}.Debug|Any CPU.Build.0 = Debug|Any CPU
		{707F9379-AD76-48CA-A673-D01079DB9FA8}.Release|Any CPU.ActiveCfg = Release|Any CPU
		{707F9379-AD76-48CA-A673-D01079DB9FA8}.Release|Any CPU.Build.0 = Release|Any CPU
		{80A8CE0F-2B3A-4D8F-B08A-59562E078F78}.Debug|Any CPU.ActiveCfg = Debug|Any CPU
		{80A8CE0F-2B3A-4D8F-B08A-59562E078F78}.Debug|Any CPU.Build.0 = Debug|Any CPU
		{80A8CE0F-2B3A-4D8F-B08A-59562E078F78}.Release|Any CPU.ActiveCfg = Release|Any CPU
		{80A8CE0F-2B3A-4D8F-B08A-59562E078F78}.Release|Any CPU.Build.0 = Release|Any CPU
		{A7742B4D-6CED-4A65-800E-9F91309CF30F}.Debug|Any CPU.ActiveCfg = Debug|Any CPU
		{A7742B4D-6CED-4A65-800E-9F91309CF30F}.Debug|Any CPU.Build.0 = Debug|Any CPU
		{A7742B4D-6CED-4A65-800E-9F91309CF30F}.Release|Any CPU.ActiveCfg = Release|Any CPU
		{A7742B4D-6CED-4A65-800E-9F91309CF30F}.Release|Any CPU.Build.0 = Release|Any CPU
		{6DDF9150-040F-427E-9252-2B720034B3E2}.Debug|Any CPU.ActiveCfg = Debug|Any CPU
		{6DDF9150-040F-427E-9252-2B720034B3E2}.Debug|Any CPU.Build.0 = Debug|Any CPU
		{6DDF9150-040F-427E-9252-2B720034B3E2}.Release|Any CPU.ActiveCfg = Release|Any CPU
		{6DDF9150-040F-427E-9252-2B720034B3E2}.Release|Any CPU.Build.0 = Release|Any CPU
		{927156C5-833E-488B-B4C0-E1DB0ABD513A}.Debug|Any CPU.ActiveCfg = Debug|Any CPU
		{927156C5-833E-488B-B4C0-E1DB0ABD513A}.Debug|Any CPU.Build.0 = Debug|Any CPU
		{927156C5-833E-488B-B4C0-E1DB0ABD513A}.Release|Any CPU.ActiveCfg = Release|Any CPU
		{927156C5-833E-488B-B4C0-E1DB0ABD513A}.Release|Any CPU.Build.0 = Release|Any CPU
		{C851E70F-F6BE-4548-A8AA-1165BE80FB2E}.Debug|Any CPU.ActiveCfg = Debug|Any CPU
		{C851E70F-F6BE-4548-A8AA-1165BE80FB2E}.Debug|Any CPU.Build.0 = Debug|Any CPU
		{C851E70F-F6BE-4548-A8AA-1165BE80FB2E}.Release|Any CPU.ActiveCfg = Release|Any CPU
		{C851E70F-F6BE-4548-A8AA-1165BE80FB2E}.Release|Any CPU.Build.0 = Release|Any CPU
		{487A0B83-A64B-4372-AFA8-028E744C6567}.Debug|Any CPU.ActiveCfg = Debug|Any CPU
		{487A0B83-A64B-4372-AFA8-028E744C6567}.Debug|Any CPU.Build.0 = Debug|Any CPU
		{487A0B83-A64B-4372-AFA8-028E744C6567}.Release|Any CPU.ActiveCfg = Release|Any CPU
		{487A0B83-A64B-4372-AFA8-028E744C6567}.Release|Any CPU.Build.0 = Release|Any CPU
	EndGlobalSection
	GlobalSection(SolutionProperties) = preSolution
		HideSolutionNode = FALSE
	EndGlobalSection
	GlobalSection(ExtensibilityGlobals) = postSolution
		SolutionGuid = {C3FAFE6F-3CC3-4DA4-961B-478EA89902D9}
	EndGlobalSection
EndGlobal
